
Microsoft Visual Studio Solution File, Format Version 12.00
# Visual Studio Version 17
VisualStudioVersion = 17.1.32210.238
MinimumVisualStudioVersion = 10.0.40219.1
Project("{2150E333-8FDC-42A3-9474-1A3956D46DE8}") = "doc", "doc", "{91D6FD81-4BFD-4C9B-94E2-17E16242BE73}"
EndProject
Project("{2150E333-8FDC-42A3-9474-1A3956D46DE8}") = "src", "src", "{1989EBBC-3215-4FB4-8748-017AC9029FDE}"
EndProject
Project("{2150E333-8FDC-42A3-9474-1A3956D46DE8}") = "tool", "tool", "{5241769E-518B-4E2D-A88F-F59C7430DAE9}"
EndProject
Project("{2150E333-8FDC-42A3-9474-1A3956D46DE8}") = "test", "test", "{77B38D62-EBD9-43A7-BA53-BFD377CF5815}"
EndProject
Project("{2150E333-8FDC-42A3-9474-1A3956D46DE8}") = "03-WebApi", "03-WebApi", "{4EDD5822-A577-4DC8-8002-AB20FA8D9508}"
EndProject
Project("{9A19103F-16F7-4668-BE54-9A1E7A4F7556}") = "MagazijnMbo.WebApi", "src\MagazijnMbo.WebApi\MagazijnMbo.WebApi.csproj", "{59144344-5A67-4100-9C3C-EC97FA659EC6}"
EndProject
Project("{2150E333-8FDC-42A3-9474-1A3956D46DE8}") = "01-Presentation", "01-Presentation", "{B00A284C-F24F-479C-AB82-772191C9D843}"
EndProject
Project("{2150E333-8FDC-42A3-9474-1A3956D46DE8}") = "02-ServiceApi", "02-ServiceApi", "{2376633B-C666-45BA-A58B-F23EDEB2F10A}"
EndProject
Project("{2150E333-8FDC-42A3-9474-1A3956D46DE8}") = "04-Application", "04-Application", "{177B88AF-6360-46E8-9BF3-43CDB4EBD28C}"
EndProject
Project("{2150E333-8FDC-42A3-9474-1A3956D46DE8}") = "05-Domain", "05-Domain", "{46FFEE03-8DE0-4361-BDDE-3A36C6D0E45B}"
EndProject
Project("{2150E333-8FDC-42A3-9474-1A3956D46DE8}") = "06-Infrastructure", "06-Infrastructure", "{1CA7EF1F-7A48-48A1-8192-30DB932D9BA4}"
EndProject
Project("{9A19103F-16F7-4668-BE54-9A1E7A4F7556}") = "MagazijnMbo.Domain", "src\MagazijnMbo.Domain\MagazijnMbo.Domain.csproj", "{726B728D-6699-4247-9576-D18184951F2B}"
EndProject
Project("{FAE04EC0-301F-11D3-BF4B-00C04F79EFBC}") = "MagazijnMbo.Infrastructure", "src\MagazijnMbo.Infrastructure\MagazijnMbo.Infrastructure.csproj", "{8D260CC1-8920-4F97-947D-C2BA9C25D829}"
EndProject
Global
	GlobalSection(SolutionConfigurationPlatforms) = preSolution
		Debug|Any CPU = Debug|Any CPU
		Release|Any CPU = Release|Any CPU
	EndGlobalSection
	GlobalSection(ProjectConfigurationPlatforms) = postSolution
		{59144344-5A67-4100-9C3C-EC97FA659EC6}.Debug|Any CPU.ActiveCfg = Debug|Any CPU
		{59144344-5A67-4100-9C3C-EC97FA659EC6}.Debug|Any CPU.Build.0 = Debug|Any CPU
		{59144344-5A67-4100-9C3C-EC97FA659EC6}.Release|Any CPU.ActiveCfg = Release|Any CPU
		{59144344-5A67-4100-9C3C-EC97FA659EC6}.Release|Any CPU.Build.0 = Release|Any CPU
		{726B728D-6699-4247-9576-D18184951F2B}.Debug|Any CPU.ActiveCfg = Debug|Any CPU
		{726B728D-6699-4247-9576-D18184951F2B}.Debug|Any CPU.Build.0 = Debug|Any CPU
		{726B728D-6699-4247-9576-D18184951F2B}.Release|Any CPU.ActiveCfg = Release|Any CPU
		{726B728D-6699-4247-9576-D18184951F2B}.Release|Any CPU.Build.0 = Release|Any CPU
		{8D260CC1-8920-4F97-947D-C2BA9C25D829}.Debug|Any CPU.ActiveCfg = Debug|Any CPU
		{8D260CC1-8920-4F97-947D-C2BA9C25D829}.Debug|Any CPU.Build.0 = Debug|Any CPU
		{8D260CC1-8920-4F97-947D-C2BA9C25D829}.Release|Any CPU.ActiveCfg = Release|Any CPU
		{8D260CC1-8920-4F97-947D-C2BA9C25D829}.Release|Any CPU.Build.0 = Release|Any CPU
	EndGlobalSection
	GlobalSection(SolutionProperties) = preSolution
		HideSolutionNode = FALSE
	EndGlobalSection
	GlobalSection(NestedProjects) = preSolution
		{4EDD5822-A577-4DC8-8002-AB20FA8D9508} = {1989EBBC-3215-4FB4-8748-017AC9029FDE}
		{59144344-5A67-4100-9C3C-EC97FA659EC6} = {4EDD5822-A577-4DC8-8002-AB20FA8D9508}
		{B00A284C-F24F-479C-AB82-772191C9D843} = {1989EBBC-3215-4FB4-8748-017AC9029FDE}
		{2376633B-C666-45BA-A58B-F23EDEB2F10A} = {1989EBBC-3215-4FB4-8748-017AC9029FDE}
		{177B88AF-6360-46E8-9BF3-43CDB4EBD28C} = {1989EBBC-3215-4FB4-8748-017AC9029FDE}
		{46FFEE03-8DE0-4361-BDDE-3A36C6D0E45B} = {1989EBBC-3215-4FB4-8748-017AC9029FDE}
		{1CA7EF1F-7A48-48A1-8192-30DB932D9BA4} = {1989EBBC-3215-4FB4-8748-017AC9029FDE}
		{726B728D-6699-4247-9576-D18184951F2B} = {46FFEE03-8DE0-4361-BDDE-3A36C6D0E45B}
		{8D260CC1-8920-4F97-947D-C2BA9C25D829} = {1CA7EF1F-7A48-48A1-8192-30DB932D9BA4}
	EndGlobalSection
	GlobalSection(ExtensibilityGlobals) = postSolution
		SolutionGuid = {55579DEE-A3C1-4B4F-994F-1E9E81B37B87}
	EndGlobalSection
EndGlobal
